
Microsoft Visual Studio Solution File, Format Version 12.00
# Visual Studio Version 16
VisualStudioVersion = 16.0.31129.286
MinimumVisualStudioVersion = 10.0.40219.1
Project("{FAE04EC0-301F-11D3-BF4B-00C04F79EFBC}") = "UC1-CalculateFare", "UC1-CalculateFare.csproj", "{9535D28B-A067-4BB1-A97C-09FF73328107}"
EndProject
Project("{FAE04EC0-301F-11D3-BF4B-00C04F79EFBC}") = "CalculateFareTest", "..\CalculateFareTest\CalculateFareTest.csproj", "{D7DCC870-9EF2-45EA-A970-255AED4F20E1}"
EndProject
Global
	GlobalSection(SolutionConfigurationPlatforms) = preSolution
		Debug|Any CPU = Debug|Any CPU
		Release|Any CPU = Release|Any CPU
	EndGlobalSection
	GlobalSection(ProjectConfigurationPlatforms) = postSolution
		{9535D28B-A067-4BB1-A97C-09FF73328107}.Debug|Any CPU.ActiveCfg = Debug|Any CPU
		{9535D28B-A067-4BB1-A97C-09FF73328107}.Debug|Any CPU.Build.0 = Debug|Any CPU
		{9535D28B-A067-4BB1-A97C-09FF73328107}.Release|Any CPU.ActiveCfg = Release|Any CPU
		{9535D28B-A067-4BB1-A97C-09FF73328107}.Release|Any CPU.Build.0 = Release|Any CPU
		{D7DCC870-9EF2-45EA-A970-255AED4F20E1}.Debug|Any CPU.ActiveCfg = Debug|Any CPU
		{D7DCC870-9EF2-45EA-A970-255AED4F20E1}.Debug|Any CPU.Build.0 = Debug|Any CPU
		{D7DCC870-9EF2-45EA-A970-255AED4F20E1}.Release|Any CPU.ActiveCfg = Release|Any CPU
		{D7DCC870-9EF2-45EA-A970-255AED4F20E1}.Release|Any CPU.Build.0 = Release|Any CPU
	EndGlobalSection
	GlobalSection(SolutionProperties) = preSolution
		HideSolutionNode = FALSE
	EndGlobalSection
	GlobalSection(ExtensibilityGlobals) = postSolution
		SolutionGuid = {BC311900-780C-4433-9718-1F8BC8E5CA0D}
	EndGlobalSection
EndGlobal
