
Microsoft Visual Studio Solution File, Format Version 12.00
# Visual Studio Version 16
VisualStudioVersion = 16.0.31129.286
MinimumVisualStudioVersion = 10.0.40219.1
Project("{9A19103F-16F7-4668-BE54-9A1E7A4F7556}") = "UC4-InvoiceService", "UC4-InvoiceService.csproj", "{F9240926-7AEC-4A58-8BA6-CD2EB9A44A03}"
EndProject
Project("{FAE04EC0-301F-11D3-BF4B-00C04F79EFBC}") = "InvoiceServiceTest", "..\InvoiceServiceTest\InvoiceServiceTest.csproj", "{AE2F382A-A326-40CF-8656-4B1D15DA2FC9}"
EndProject
Global
	GlobalSection(SolutionConfigurationPlatforms) = preSolution
		Debug|Any CPU = Debug|Any CPU
		Release|Any CPU = Release|Any CPU
	EndGlobalSection
	GlobalSection(ProjectConfigurationPlatforms) = postSolution
		{F9240926-7AEC-4A58-8BA6-CD2EB9A44A03}.Debug|Any CPU.ActiveCfg = Debug|Any CPU
		{F9240926-7AEC-4A58-8BA6-CD2EB9A44A03}.Debug|Any CPU.Build.0 = Debug|Any CPU
		{F9240926-7AEC-4A58-8BA6-CD2EB9A44A03}.Release|Any CPU.ActiveCfg = Release|Any CPU
		{F9240926-7AEC-4A58-8BA6-CD2EB9A44A03}.Release|Any CPU.Build.0 = Release|Any CPU
		{AE2F382A-A326-40CF-8656-4B1D15DA2FC9}.Debug|Any CPU.ActiveCfg = Debug|Any CPU
		{AE2F382A-A326-40CF-8656-4B1D15DA2FC9}.Debug|Any CPU.Build.0 = Debug|Any CPU
		{AE2F382A-A326-40CF-8656-4B1D15DA2FC9}.Release|Any CPU.ActiveCfg = Release|Any CPU
		{AE2F382A-A326-40CF-8656-4B1D15DA2FC9}.Release|Any CPU.Build.0 = Release|Any CPU
	EndGlobalSection
	GlobalSection(SolutionProperties) = preSolution
		HideSolutionNode = FALSE
	EndGlobalSection
	GlobalSection(ExtensibilityGlobals) = postSolution
		SolutionGuid = {B53A130A-670E-4C20-B46F-0B9CC0C744E9}
	EndGlobalSection
EndGlobal
