
Microsoft Visual Studio Solution File, Format Version 12.00
# Visual Studio Version 16
VisualStudioVersion = 16.0.31129.286
MinimumVisualStudioVersion = 10.0.40219.1
Project("{FAE04EC0-301F-11D3-BF4B-00C04F79EFBC}") = "UC3-EnhancedInvoice", "UC3-EnhancedInvoice.csproj", "{5AE1C01B-26A8-4CB2-A6DC-F597EF444A73}"
EndProject
Project("{FAE04EC0-301F-11D3-BF4B-00C04F79EFBC}") = "EnhancedInvoiceTest", "..\EnhancedInvoiceTest\EnhancedInvoiceTest.csproj", "{F1753345-70E7-4746-8A7F-5D96CECEA0DB}"
EndProject
Global
	GlobalSection(SolutionConfigurationPlatforms) = preSolution
		Debug|Any CPU = Debug|Any CPU
		Release|Any CPU = Release|Any CPU
	EndGlobalSection
	GlobalSection(ProjectConfigurationPlatforms) = postSolution
		{5AE1C01B-26A8-4CB2-A6DC-F597EF444A73}.Debug|Any CPU.ActiveCfg = Debug|Any CPU
		{5AE1C01B-26A8-4CB2-A6DC-F597EF444A73}.Debug|Any CPU.Build.0 = Debug|Any CPU
		{5AE1C01B-26A8-4CB2-A6DC-F597EF444A73}.Release|Any CPU.ActiveCfg = Release|Any CPU
		{5AE1C01B-26A8-4CB2-A6DC-F597EF444A73}.Release|Any CPU.Build.0 = Release|Any CPU
		{F1753345-70E7-4746-8A7F-5D96CECEA0DB}.Debug|Any CPU.ActiveCfg = Debug|Any CPU
		{F1753345-70E7-4746-8A7F-5D96CECEA0DB}.Debug|Any CPU.Build.0 = Debug|Any CPU
		{F1753345-70E7-4746-8A7F-5D96CECEA0DB}.Release|Any CPU.ActiveCfg = Release|Any CPU
		{F1753345-70E7-4746-8A7F-5D96CECEA0DB}.Release|Any CPU.Build.0 = Release|Any CPU
	EndGlobalSection
	GlobalSection(SolutionProperties) = preSolution
		HideSolutionNode = FALSE
	EndGlobalSection
	GlobalSection(ExtensibilityGlobals) = postSolution
		SolutionGuid = {72343BB6-B250-43D8-A511-1B8F7EDFBD1F}
	EndGlobalSection
EndGlobal
